version = 1
revision = 3
requires-python = ">=3.12"

[[package]]
name = "defusedxml"
version = "0.7.1"
source = { registry = "https://pypi.org/simple" }
sdist = { url = "https://files.pythonhosted.org/packages/0f/d5/c66da9b79e5bdb124974bfe172b4daf3c984ebd9c2a06e2b8a4dc7331c72/defusedxml-0.7.1.tar.gz", hash = "sha256:1bb3032db185915b62d7c6209c5a8792be6a32ab2fedacc84e01b52c51aa3e69", size = 75520, upload-time = "2021-03-08T10:59:26.269Z" }
wheels = [
    { url = "https://files.pythonhosted.org/packages/07/6c/aa3f2f849e01cb6a001cd8554a88d4c77c5c1a31c95bdf1cf9301e6d9ef4/defusedxml-0.7.1-py2.py3-none-any.whl", hash = "sha256:a352e7e428770286cc899e2542b6cdaedb2b4953ff269a210103ec58f6198a61", size = 25604, upload-time = "2021-03-08T10:59:24.45Z" },
]

[[package]]
name = "jsonpatch"
version = "1.33"
source = { registry = "https://pypi.org/simple" }
dependencies = [
    { name = "jsonpointer" },
]
sdist = { url = "https://files.pythonhosted.org/packages/42/78/18813351fe5d63acad16aec57f94ec2b70a09e53ca98145589e185423873/jsonpatch-1.33.tar.gz", hash = "sha256:9fcd4009c41e6d12348b4a0ff2563ba56a2923a7dfee731d004e212e1ee5030c", size = 21699, upload-time = "2023-06-26T12:07:29.144Z" }
wheels = [
    { url = "https://files.pythonhosted.org/packages/73/07/02e16ed01e04a374e644b575638ec7987ae846d25ad97bcc9945a3ee4b0e/jsonpatch-1.33-py2.py3-none-any.whl", hash = "sha256:0ae28c0cd062bbd8b8ecc26d7d164fbbea9652a1a3693f3b956c1eae5145dade", size = 12898, upload-time = "2023-06-16T21:01:28.466Z" },
]

[[package]]
name = "jsonpointer"
version = "3.0.0"
source = { registry = "https://pypi.org/simple" }
sdist = { url = "https://files.pythonhosted.org/packages/6a/0a/eebeb1fa92507ea94016a2a790b93c2ae41a7e18778f85471dc54475ed25/jsonpointer-3.0.0.tar.gz", hash = "sha256:2b2d729f2091522d61c3b31f82e11870f60b68f43fbc705cb76bf4b832af59ef", size = 9114, upload-time = "2024-06-10T19:24:42.462Z" }
wheels = [
    { url = "https://files.pythonhosted.org/packages/71/92/5e77f98553e9e75130c78900d000368476aed74276eb8ae8796f65f00918/jsonpointer-3.0.0-py2.py3-none-any.whl", hash = "sha256:13e088adc14fca8b6aa8177c044e12701e6ad4b28ff10e65f2267a90109c9942", size = 7595, upload-time = "2024-06-10T19:24:40.698Z" },
]

[[package]]
name = "mango-lib"
version = "0.1.0"
source = { editable = "." }
dependencies = [
    { name = "python-irodsclient" },
]

[package.metadata]
requires-dist = [{ name = "python-irodsclient", specifier = ">=3.2.0" }]

[[package]]
name = "prettytable"
version = "3.16.0"
source = { registry = "https://pypi.org/simple" }
dependencies = [
    { name = "wcwidth" },
]
sdist = { url = "https://files.pythonhosted.org/packages/99/b1/85e18ac92afd08c533603e3393977b6bc1443043115a47bb094f3b98f94f/prettytable-3.16.0.tar.gz", hash = "sha256:3c64b31719d961bf69c9a7e03d0c1e477320906a98da63952bc6698d6164ff57", size = 66276, upload-time = "2025-03-24T19:39:04.008Z" }
wheels = [
    { url = "https://files.pythonhosted.org/packages/02/c7/5613524e606ea1688b3bdbf48aa64bafb6d0a4ac3750274c43b6158a390f/prettytable-3.16.0-py3-none-any.whl", hash = "sha256:b5eccfabb82222f5aa46b798ff02a8452cf530a352c31bddfa29be41242863aa", size = 33863, upload-time = "2025-03-24T19:39:02.359Z" },
]

[[package]]
name = "python-irodsclient"
version = "3.2.0"
source = { registry = "https://pypi.org/simple" }
dependencies = [
    { name = "defusedxml" },
    { name = "jsonpatch" },
    { name = "jsonpointer" },
    { name = "prettytable" },
]
sdist = { url = "https://files.pythonhosted.org/packages/19/6d/253216655a7fe6ffbd605c0b271ac937a6a997e7d2ab6a1c2a0cacd4bd6a/python_irodsclient-3.2.0.tar.gz", hash = "sha256:a7e1c765b5c24c7cc579334e06c32bc76bf4e9ffac3209abcea853f9440ff2e4", size = 308578, upload-time = "2025-08-28T02:07:46.234Z" }
wheels = [
    { url = "https://files.pythonhosted.org/packages/c8/91/e4c5f29a8021b1d98d32f7b2374251cf8ed3504752f49daff19fe4bac5df/python_irodsclient-3.2.0-py3-none-any.whl", hash = "sha256:a3efa041e771b1e65b69153017d70ba6dcc53e8db279a6ce97dd65b81cf59c3d", size = 279411, upload-time = "2025-08-28T02:07:44.979Z" },
]

[[package]]
name = "wcwidth"
version = "0.2.14"
source = { registry = "https://pypi.org/simple" }
sdist = { url = "https://files.pythonhosted.org/packages/24/30/6b0809f4510673dc723187aeaf24c7f5459922d01e2f794277a3dfb90345/wcwidth-0.2.14.tar.gz", hash = "sha256:4d478375d31bc5395a3c55c40ccdf3354688364cd61c4f6adacaa9215d0b3605", size = 102293, upload-time = "2025-09-22T16:29:53.023Z" }
wheels = [
    { url = "https://files.pythonhosted.org/packages/af/b5/123f13c975e9f27ab9c0770f514345bd406d0e8d3b7a0723af9d43f710af/wcwidth-0.2.14-py2.py3-none-any.whl", hash = "sha256:a7bb560c8aee30f9957e5f9895805edd20602f2d7f720186dfd906e82b4982e1", size = 37286, upload-time = "2025-09-22T16:29:51.641Z" },
]
